<?xml version="1.0" encoding="utf-8"?>
<Project ToolsVersion="4.0" xmlns="http://schemas.microsoft.com/developer/msbuild/2003">
  <ItemGroup>
    <Filter Include="Source Files">
      <UniqueIdentifier>{4FC737F1-C7A5-4376-A066-2A32D752A2FF}</UniqueIdentifier>
      <Extensions>cpp;c;cc;cxx;c++;cppm;ixx;def;odl;idl;hpj;bat;asm;asmx</Extensions>
    </Filter>
    <Filter Include="Header Files">
      <UniqueIdentifier>{93995380-89BD-4b04-88EB-625FBE52EBFB}</UniqueIdentifier>
      <Extensions>h;hh;hpp;hxx;h++;hm;inl;inc;ipp;xsd</Extensions>
    </Filter>
    <Filter Include="Resource Files">
      <UniqueIdentifier>{67DA6AB6-F800-4c08-8B7A-83BB121AAD01}</UniqueIdentifier>
      <Extensions>rc;ico;cur;bmp;dlg;rc2;rct;bin;rgs;gif;jpg;jpeg;jpe;resx;tiff;tif;png;wav;mfcribbon-ms</Extensions>
    </Filter>
    <Filter Include="Header Files\DirectUI">
      <UniqueIdentifier>{9a053691-68f0-40eb-aa55-5ade6534548c}</UniqueIdentifier>
    </Filter>
    <Filter Include="Resource Files\Pages">
      <UniqueIdentifier>{f05663d5-708a-4416-96b5-7155d2b6d168}</UniqueIdentifier>
    </Filter>
    <Filter Include="Resource Files\Dll">
      <UniqueIdentifier>{5b24bb57-0164-4f68-b930-f19b9c56f849}</UniqueIdentifier>
    </Filter>
    <Filter Include="Resource Files\Rectify11">
      <UniqueIdentifier>{77c86297-8c32-4cab-9585-942c77c075a7}</UniqueIdentifier>
    </Filter>
  </ItemGroup>
  <ItemGroup>
    <ClInclude Include="framework.h">
      <Filter>Header Files</Filter>
    </ClInclude>
    <ClInclude Include="targetver.h">
      <Filter>Header Files</Filter>
    </ClInclude>
    <ClInclude Include="Resource.h">
      <Filter>Header Files</Filter>
    </ClInclude>
    <ClInclude Include="Rectify11Installer.h">
      <Filter>Header Files</Filter>
    </ClInclude>
    <ClInclude Include="DirectUI\accessibility.h">
      <Filter>Header Files\DirectUI</Filter>
    </ClInclude>
    <ClInclude Include="DirectUI\AutoLock.h">
      <Filter>Header Files\DirectUI</Filter>
    </ClInclude>
    <ClInclude Include="DirectUI\AutoThread.h">
      <Filter>Header Files\DirectUI</Filter>
    </ClInclude>
    <ClInclude Include="DirectUI\AutoVariant.h">
      <Filter>Header Files\DirectUI</Filter>
    </ClInclude>
    <ClInclude Include="DirectUI\base.h">
      <Filter>Header Files\DirectUI</Filter>
    </ClInclude>
    <ClInclude Include="DirectUI\BorderLayout.h">
      <Filter>Header Files\DirectUI</Filter>
    </ClInclude>
    <ClInclude Include="DirectUI\CallstackTracker.h">
      <Filter>Header Files\DirectUI</Filter>
    </ClInclude>
    <ClInclude Include="DirectUI\CClassFactory.h">
      <Filter>Header Files\DirectUI</Filter>
    </ClInclude>
    <ClInclude Include="DirectUI\CheckBoxGlyph.h">
      <Filter>Header Files\DirectUI</Filter>
    </ClInclude>
    <ClInclude Include="DirectUI\DirectUI.h">
      <Filter>Header Files\DirectUI</Filter>
    </ClInclude>
    <ClInclude Include="DirectUI\Element.h">
      <Filter>Header Files\DirectUI</Filter>
    </ClInclude>
    <ClInclude Include="DirectUI\ElementWithHWND.h">
      <Filter>Header Files\DirectUI</Filter>
    </ClInclude>
    <ClInclude Include="DirectUI\EventManager.h">
      <Filter>Header Files\DirectUI</Filter>
    </ClInclude>
    <ClInclude Include="DirectUI\FontCache.h">
      <Filter>Header Files\DirectUI</Filter>
    </ClInclude>
    <ClInclude Include="DirectUI\FontCheckOut.h">
      <Filter>Header Files\DirectUI</Filter>
    </ClInclude>
    <ClInclude Include="DirectUI\host.h">
      <Filter>Header Files\DirectUI</Filter>
    </ClInclude>
    <ClInclude Include="DirectUI\HWNDElement.h">
      <Filter>Header Files\DirectUI</Filter>
    </ClInclude>
    <ClInclude Include="DirectUI\HWNDHost.h">
      <Filter>Header Files\DirectUI</Filter>
    </ClInclude>
    <ClInclude Include="DirectUI\Interfaces.h">
      <Filter>Header Files\DirectUI</Filter>
    </ClInclude>
    <ClInclude Include="DirectUI\InvokeHelper.h">
      <Filter>Header Files\DirectUI</Filter>
    </ClInclude>
    <ClInclude Include="DirectUI\layout.h">
      <Filter>Header Files\DirectUI</Filter>
    </ClInclude>
    <ClInclude Include="DirectUI\misc.h">
      <Filter>Header Files\DirectUI</Filter>
    </ClInclude>
    <ClInclude Include="DirectUI\NativeHWNDHost.h">
      <Filter>Header Files\DirectUI</Filter>
    </ClInclude>
    <ClInclude Include="DirectUI\parser.h">
      <Filter>Header Files\DirectUI</Filter>
    </ClInclude>
    <ClInclude Include="DirectUI\Primitives.h">
      <Filter>Header Files\DirectUI</Filter>
    </ClInclude>
    <ClInclude Include="DirectUI\Progress.h">
      <Filter>Header Files\DirectUI</Filter>
    </ClInclude>
    <ClInclude Include="DirectUI\provider.h">
      <Filter>Header Files\DirectUI</Filter>
    </ClInclude>
    <ClInclude Include="DirectUI\RangeValue.h">
      <Filter>Header Files\DirectUI</Filter>
    </ClInclude>
    <ClInclude Include="DirectUI\RefPointElement.h">
      <Filter>Header Files\DirectUI</Filter>
    </ClInclude>
    <ClInclude Include="DirectUI\RichText.h">
      <Filter>Header Files\DirectUI</Filter>
    </ClInclude>
    <ClInclude Include="DirectUI\TouchButton.h">
      <Filter>Header Files\DirectUI</Filter>
    </ClInclude>
    <ClInclude Include="DirectUI\TouchCheckBox.h">
      <Filter>Header Files\DirectUI</Filter>
    </ClInclude>
    <ClInclude Include="DirectUI\types.h">
      <Filter>Header Files\DirectUI</Filter>
    </ClInclude>
    <ClInclude Include="DirectUI\Value.h">
      <Filter>Header Files\DirectUI</Filter>
    </ClInclude>
    <ClInclude Include="Initr11.h">
      <Filter>Header Files</Filter>
    </ClInclude>
    <ClInclude Include="Navigation.h">
      <Filter>Header Files</Filter>
    </ClInclude>
    <ClInclude Include="InstallerEngine.h">
      <Filter>Header Files</Filter>
    </ClInclude>
    <ClInclude Include="Logger.h">
      <Filter>Header Files</Filter>
    </ClInclude>
    <ClInclude Include="DirectUI\Button.h">
      <Filter>Header Files\DirectUI</Filter>
    </ClInclude>
    <ClInclude Include="InstallationProcedure.h">
      <Filter>Header Files</Filter>
    </ClInclude>
    <ClInclude Include="InitUninst.h">
      <Filter>Header Files</Filter>
    </ClInclude>
    <ClInclude Include="UninstallationProcedure.h">
      <Filter>Header Files</Filter>
    </ClInclude>
    <ClInclude Include="MiscWindow.h">
      <Filter>Header Files</Filter>
    </ClInclude>
  </ItemGroup>
  <ItemGroup>
    <ClCompile Include="Rectify11Installer.cpp">
      <Filter>Source Files</Filter>
    </ClCompile>
    <ClCompile Include="Initr11.cpp">
      <Filter>Source Files</Filter>
    </ClCompile>
    <ClCompile Include="Navigation.cpp">
      <Filter>Source Files</Filter>
    </ClCompile>
    <ClCompile Include="InstallerEngine.cpp">
      <Filter>Source Files</Filter>
    </ClCompile>
    <ClCompile Include="Logger.cpp">
      <Filter>Source Files</Filter>
    </ClCompile>
    <ClCompile Include="InstallationProcedure.cpp">
      <Filter>Source Files</Filter>
    </ClCompile>
    <ClCompile Include="InitUninst.cpp">
      <Filter>Source Files</Filter>
    </ClCompile>
    <ClCompile Include="UninstallationProcedure.cpp">
      <Filter>Source Files</Filter>
    </ClCompile>
    <ClCompile Include="MiscWindow.cpp">
      <Filter>Source Files</Filter>
    </ClCompile>
  </ItemGroup>
  <ItemGroup>
    <ResourceCompile Include="Rectify11Installer.rc">
      <Filter>Resource Files</Filter>
    </ResourceCompile>
  </ItemGroup>
  <ItemGroup>
    <Image Include="small.ico">
      <Filter>Resource Files</Filter>
    </Image>
    <Image Include="Rectify11Installer.ico">
      <Filter>Resource Files</Filter>
    </Image>
  </ItemGroup>
  <ItemGroup>
    <Xml Include="Pages\1.xml">
      <Filter>Resource Files\Pages</Filter>
    </Xml>
    <Xml Include="Pages\2.xml">
      <Filter>Resource Files\Pages</Filter>
    </Xml>
    <Xml Include="Pages\3.xml">
      <Filter>Resource Files\Pages</Filter>
    </Xml>
    <Xml Include="Pages\4.xml">
      <Filter>Resource Files\Pages</Filter>
    </Xml>
    <Xml Include="Pages\5.xml">
      <Filter>Resource Files\Pages</Filter>
    </Xml>
    <Xml Include="Pages\6.xml">
      <Filter>Resource Files\Pages</Filter>
    </Xml>
    <Xml Include="Pages\7.xml">
      <Filter>Resource Files\Pages</Filter>
    </Xml>
    <Xml Include="uifile.xml">
      <Filter>Resource Files</Filter>
    </Xml>
    <Xml Include="Pages\8.xml">
      <Filter>Resource Files\Pages</Filter>
    </Xml>
    <Xml Include="Pages\10.xml">
      <Filter>Resource Files\Pages</Filter>
    </Xml>
    <Xml Include="Pages\9.xml">
      <Filter>Resource Files\Pages</Filter>
    </Xml>
    <Xml Include="coffee.xml">
      <Filter>Resource Files</Filter>
    </Xml>
    <Xml Include="credits.xml">
      <Filter>Resource Files</Filter>
    </Xml>
  </ItemGroup>
  <ItemGroup>
    <Manifest Include="settings.manifest" />
  </ItemGroup>
  <ItemGroup>
    <None Include="PageRes.dll">
      <Filter>Resource Files\Dll</Filter>
    </None>
    <None Include="Controls.dll">
      <Filter>Resource Files\Dll</Filter>
    </None>
    <None Include="Base.dll">
      <Filter>Resource Files\Dll</Filter>
    </None>
    <None Include="Rectify11\Files.7z">
      <Filter>Resource Files\Rectify11</Filter>
    </None>
    <None Include="Rectify11\7z.dll">
      <Filter>Resource Files\Rectify11</Filter>
    </None>
    <None Include="Rectify11\7z.exe">
      <Filter>Resource Files\Rectify11</Filter>
    </None>
  </ItemGroup>
  <ItemGroup>
    <Font Include="segoe_r11.ttf">
      <Filter>Resource Files</Filter>
    </Font>
  </ItemGroup>
</Project>